{
  "version": 4,
  "terraform_version": "0.12.24",
  "serial": 9,
  "lineage": "b0965810-dec9-8518-d740-d506d102cad4",
  "outputs": {},
  "resources": [
    {
      "mode": "data",
      "type": "aws_ami",
      "name": "ubuntu",
      "provider": "provider.aws",
      "instances": [
        {
          "schema_version": 0,
          "attributes": {
            "architecture": "x86_64",
            "block_device_mappings": [
              {
                "device_name": "/dev/sda1",
                "ebs": {
                  "delete_on_termination": "true",
                  "encrypted": "false",
                  "iops": "0",
                  "snapshot_id": "snap-082d1ef4c14ba0c91",
                  "volume_size": "8",
                  "volume_type": "gp2"
                },
                "no_device": "",
                "virtual_name": ""
              },
              {
                "device_name": "/dev/sdb",
                "ebs": {},
                "no_device": "",
                "virtual_name": "ephemeral0"
              },
              {
                "device_name": "/dev/sdc",
                "ebs": {},
                "no_device": "",
                "virtual_name": "ephemeral1"
              }
            ],
            "creation_date": "2020-04-09T16:44:39.000Z",
            "description": "Canonical, Ubuntu, 18.04 LTS, amd64 bionic image build on 2020-04-08",
            "executable_users": null,
            "filter": [
              {
                "name": "name",
                "values": [
                  "ubuntu/images/hvm-ssd/ubuntu-bionic-18.04-amd64-server-*"
                ]
              },
              {
                "name": "virtualization-type",
                "values": [
                  "hvm"
                ]
              }
            ],
            "hypervisor": "xen",
            "id": "ami-0eb89db7593b5d434",
            "image_id": "ami-0eb89db7593b5d434",
            "image_location": "099720109477/ubuntu/images/hvm-ssd/ubuntu-bionic-18.04-amd64-server-20200408",
            "image_owner_alias": null,
            "image_type": "machine",
            "kernel_id": null,
            "most_recent": true,
            "name": "ubuntu/images/hvm-ssd/ubuntu-bionic-18.04-amd64-server-20200408",
            "name_regex": null,
            "owner_id": "099720109477",
            "owners": [
              "099720109477"
            ],
            "platform": null,
            "product_codes": [],
            "public": true,
            "ramdisk_id": null,
            "root_device_name": "/dev/sda1",
            "root_device_type": "ebs",
            "root_snapshot_id": "snap-082d1ef4c14ba0c91",
            "sriov_net_support": "simple",
            "state": "available",
            "state_reason": {
              "code": "UNSET",
              "message": "UNSET"
            },
            "tags": {},
            "virtualization_type": "hvm"
          }
        }
      ]
    },
    {
      "module": "module.staging",
      "mode": "managed",
      "type": "aws_elasticache_cluster",
      "name": "application_cluster",
      "provider": "provider.aws",
      "instances": [
        {
          "schema_version": 0,
          "attributes": {
            "apply_immediately": null,
            "arn": "arn:aws:elasticache:eu-west-2:628358644973:cluster:staging-technical-test-tp-cluster",
            "availability_zone": "eu-west-2c",
            "availability_zones": null,
            "az_mode": "single-az",
            "cache_nodes": [
              {
                "address": "staging-technical-test-tp-cluster.2xhmpk.0001.euw2.cache.amazonaws.com",
                "availability_zone": "eu-west-2c",
                "id": "0001",
                "port": 6379
              }
            ],
            "cluster_address": null,
            "cluster_id": "staging-technical-test-tp-cluster",
            "configuration_endpoint": null,
            "engine": "redis",
            "engine_version": "3.2.10",
            "id": "staging-technical-test-tp-cluster",
            "maintenance_window": "sun:01:30-sun:02:30",
            "node_type": "cache.t2.micro",
            "notification_topic_arn": null,
            "num_cache_nodes": 1,
            "parameter_group_name": "default.redis3.2",
            "port": 6379,
            "preferred_availability_zones": null,
            "replication_group_id": null,
            "security_group_ids": [],
            "security_group_names": [],
            "snapshot_arns": null,
            "snapshot_name": null,
            "snapshot_retention_limit": 0,
            "snapshot_window": "23:00-00:00",
            "subnet_group_name": "default",
            "tags": {}
          },
          "private": "bnVsbA=="
        }
      ]
    },
    {
      "module": "module.staging",
      "mode": "managed",
      "type": "aws_elb",
      "name": "application_elb",
      "provider": "provider.aws",
      "instances": [
        {
          "schema_version": 0,
          "attributes": {
            "access_logs": [],
            "arn": "arn:aws:elasticloadbalancing:eu-west-2:628358644973:loadbalancer/staging-technical-test-tp-elb",
            "availability_zones": [
              "eu-west-2a",
              "eu-west-2b",
              "eu-west-2c"
            ],
            "connection_draining": true,
            "connection_draining_timeout": 400,
            "cross_zone_load_balancing": true,
            "dns_name": "staging-technical-test-tp-elb-2067177550.eu-west-2.elb.amazonaws.com",
            "health_check": [
              {
                "healthy_threshold": 2,
                "interval": 30,
                "target": "HTTP:8080/",
                "timeout": 3,
                "unhealthy_threshold": 2
              }
            ],
            "id": "staging-technical-test-tp-elb",
            "idle_timeout": 400,
            "instances": [
              "i-011465512c03d6897"
            ],
            "internal": false,
            "listener": [
              {
                "instance_port": 8000,
                "instance_protocol": "http",
                "lb_port": 80,
                "lb_protocol": "http",
                "ssl_certificate_id": ""
              }
            ],
            "name": "staging-technical-test-tp-elb",
            "name_prefix": null,
            "security_groups": [
              "sg-03a1a5f51f9c9d2f3"
            ],
            "source_security_group": "628358644973/default_elb_04e8e2db-2017-35f6-ab43-9ad81c059ec4",
            "source_security_group_id": "sg-03a1a5f51f9c9d2f3",
            "subnets": [
              "subnet-15fe7d6f",
              "subnet-7a578136",
              "subnet-815e19e8"
            ],
            "tags": {
              "Name": "staging-technical-test-tp-elb"
            },
            "zone_id": "ZHURV8PSTC4K8"
          },
          "private": "bnVsbA==",
          "dependencies": [
            "module.staging.aws_instance.web"
          ]
        }
      ]
    },
    {
      "module": "module.staging",
      "mode": "managed",
      "type": "aws_instance",
      "name": "web",
      "each": "list",
      "provider": "provider.aws",
      "instances": [
        {
          "index_key": 0,
          "schema_version": 1,
          "attributes": {
            "ami": "ami-0eb89db7593b5d434",
            "arn": "arn:aws:ec2:eu-west-2:628358644973:instance/i-011465512c03d6897",
            "associate_public_ip_address": true,
            "availability_zone": "eu-west-2a",
            "cpu_core_count": 1,
            "cpu_threads_per_core": 1,
            "credit_specification": [
              {
                "cpu_credits": "standard"
              }
            ],
            "disable_api_termination": false,
            "ebs_block_device": [],
            "ebs_optimized": false,
            "ephemeral_block_device": [],
            "get_password_data": false,
            "hibernation": false,
            "host_id": null,
            "iam_instance_profile": "",
            "id": "i-011465512c03d6897",
            "instance_initiated_shutdown_behavior": null,
            "instance_state": "running",
            "instance_type": "t2.micro",
            "ipv6_address_count": 0,
            "ipv6_addresses": [],
            "key_name": "technical-test-tp-ssh-key",
            "metadata_options": [
              {
                "http_endpoint": "enabled",
                "http_put_response_hop_limit": 1,
                "http_tokens": "optional"
              }
            ],
            "monitoring": false,
            "network_interface": [],
            "network_interface_id": null,
            "password_data": "",
            "placement_group": "",
            "primary_network_interface_id": "eni-0f76bf161f0d473df",
            "private_dns": "ip-172-31-20-190.eu-west-2.compute.internal",
            "private_ip": "172.31.20.190",
            "public_dns": "ec2-3-10-233-234.eu-west-2.compute.amazonaws.com",
            "public_ip": "3.10.233.234",
            "root_block_device": [
              {
                "delete_on_termination": true,
                "device_name": "/dev/sda1",
                "encrypted": false,
                "iops": 100,
                "kms_key_id": "",
                "volume_id": "vol-0ffbdd2ed8274eca8",
                "volume_size": 8,
                "volume_type": "gp2"
              }
            ],
            "security_groups": [
              "staging-technical-test-tp-security-group"
            ],
            "source_dest_check": true,
            "subnet_id": "subnet-15fe7d6f",
            "tags": {
              "Name": "staging-application",
              "Owner": "technical-test-tp",
              "Stage": "staging"
            },
            "tenancy": "default",
            "timeouts": null,
            "user_data": null,
            "user_data_base64": null,
            "volume_tags": {},
            "vpc_security_group_ids": [
              "sg-0ebcb09f7cad70d82"
            ]
          },
          "private": "eyJlMmJmYjczMC1lY2FhLTExZTYtOGY4OC0zNDM2M2JjN2M0YzAiOnsiY3JlYXRlIjo2MDAwMDAwMDAwMDAsImRlbGV0ZSI6MTIwMDAwMDAwMDAwMCwidXBkYXRlIjo2MDAwMDAwMDAwMDB9LCJzY2hlbWFfdmVyc2lvbiI6IjEifQ==",
          "dependencies": [
            "aws_key_pair.ssh_key",
            "module.staging.aws_security_group.ssh_security_group"
          ]
        }
      ]
    },
    {
      "mode": "managed",
      "type": "aws_key_pair",
      "name": "ssh_key",
      "provider": "provider.aws",
      "instances": [
        {
          "schema_version": 1,
          "attributes": {
            "fingerprint": "79:08:3a:0d:0f:eb:fc:13:55:ad:b3:98:7f:0c:69:f3",
            "id": "technical-test-tp-ssh-key",
            "key_name": "technical-test-tp-ssh-key",
            "key_name_prefix": null,
            "key_pair_id": "key-08483098c800e3834",
            "public_key": "ssh-rsa AAAAB3NzaC1yc2EAAAADAQABAAACAQDrUTLdhvP5UqrV0ls4yuDPXTsvvMNYKXZ2Vs4kZD3Tl9tj2dGeCVFROr7GGaXAGCwXZ0IaUCzGx+Kg12WOz0PYL/QASZcJ3mIeNd5v8BJaE5GdFmotFNdiD+2vGbpCQ+UZSILS2lAQsj0l0DjVFfNBU7mh7zuvvVuprPwCfhE86gWhp4XPZs0N+k6L15g7pZTKzcK/fNOrAacZRxAawS7Cimhf+tqnGJ45S8TSyB/6LXH7+dO8UKnJGU07FLS9a/etWpVglontQoYGgxUlBBqcZjU4Fwa8p5er9bC1z0CdhMU7K7YLq/+S/Ty9DksVprF/wZ4urv/NKp3aWYerjaz5YaPGJeuwhAGJ4/rTDW7dcajY2jMqhxGSGc3Zwc5e5zfd7dxX+o6NN0NAvtkzcI4d8Pp+A1pHfMaILhZeorjHBP7J4Sz2iQgdG7P1A6XbhPaRfH74/aCoXELp30uWy3UiZvJnP8Hi+vSPU3hj0BrJtKnhhN1SOL1+qs4A53X3JWCLuFk6W7D9acrWf4Oj/j9aDzOA4HF46rphFpM2Uv0fwjn3JUgIH3XSK8/gJyuAlt2+J45aEpKQlvd5PNyKthF/tGW7BPLOVsfKW8UaB7xnFBu+mAcixRmiRnn05DZVa0leptURiNXIiTYJikx21B3YgMVnwgJyKMM7KrdoHInoqw== amaury@amaury-pc",
            "tags": {}
          },
          "private": "eyJzY2hlbWFfdmVyc2lvbiI6IjEifQ=="
        }
      ]
    },
    {
      "module": "module.staging",
      "mode": "managed",
      "type": "aws_security_group",
      "name": "ssh_security_group",
      "provider": "provider.aws",
      "instances": [
        {
          "schema_version": 1,
          "attributes": {
            "arn": "arn:aws:ec2:eu-west-2:628358644973:security-group/sg-0ebcb09f7cad70d82",
            "description": "Allow connection on port 22, 80 and 8080",
            "egress": [
              {
                "cidr_blocks": [
                  "0.0.0.0/0"
                ],
                "description": "",
                "from_port": 0,
                "ipv6_cidr_blocks": [],
                "prefix_list_ids": [],
                "protocol": "-1",
                "security_groups": [],
                "self": false,
                "to_port": 0
              }
            ],
            "id": "sg-0ebcb09f7cad70d82",
            "ingress": [
              {
                "cidr_blocks": [
                  "0.0.0.0/0"
                ],
                "description": "",
                "from_port": 22,
                "ipv6_cidr_blocks": [],
                "prefix_list_ids": [],
                "protocol": "tcp",
                "security_groups": [],
                "self": false,
                "to_port": 22
              },
              {
                "cidr_blocks": [
                  "0.0.0.0/0"
                ],
                "description": "",
                "from_port": 8080,
                "ipv6_cidr_blocks": [],
                "prefix_list_ids": [],
                "protocol": "tcp",
                "security_groups": [],
                "self": false,
                "to_port": 8080
              },
              {
                "cidr_blocks": [
                  "0.0.0.0/0"
                ],
                "description": "",
                "from_port": 80,
                "ipv6_cidr_blocks": [],
                "prefix_list_ids": [],
                "protocol": "tcp",
                "security_groups": [],
                "self": false,
                "to_port": 80
              }
            ],
            "name": "staging-technical-test-tp-security-group",
            "name_prefix": null,
            "owner_id": "628358644973",
            "revoke_rules_on_delete": false,
            "tags": {},
            "timeouts": null,
            "vpc_id": "vpc-74760b1c"
          },
          "private": "eyJlMmJmYjczMC1lY2FhLTExZTYtOGY4OC0zNDM2M2JjN2M0YzAiOnsiY3JlYXRlIjo2MDAwMDAwMDAwMDAsImRlbGV0ZSI6NjAwMDAwMDAwMDAwfSwic2NoZW1hX3ZlcnNpb24iOiIxIn0="
        }
      ]
    }
  ]
}
